<?xml version="1.0" encoding="utf-8"?>
<Project ToolsVersion="4.0" xmlns="http://schemas.microsoft.com/developer/msbuild/2003">
  <ItemGroup>
    <Filter Include="ソース ファイル">
      <UniqueIdentifier>{4FC737F1-C7A5-4376-A066-2A32D752A2FF}</UniqueIdentifier>
      <Extensions>cpp;c;cc;cxx;c++;def;odl;idl;hpj;bat;asm;asmx</Extensions>
    </Filter>
    <Filter Include="ヘッダー ファイル">
      <UniqueIdentifier>{93995380-89BD-4b04-88EB-625FBE52EBFB}</UniqueIdentifier>
      <Extensions>h;hh;hpp;hxx;h++;hm;inl;inc;ipp;xsd</Extensions>
    </Filter>
    <Filter Include="リソース ファイル">
      <UniqueIdentifier>{67DA6AB6-F800-4c08-8B7A-83BB121AAD01}</UniqueIdentifier>
      <Extensions>rc;ico;cur;bmp;dlg;rc2;rct;bin;rgs;gif;jpg;jpeg;jpe;resx;tiff;tif;png;wav;mfcribbon-ms</Extensions>
    </Filter>
    <Filter Include="ソース ファイル\Mode">
      <UniqueIdentifier>{1d5efd46-0fdb-409c-8782-ab9bab1cbda2}</UniqueIdentifier>
    </Filter>
    <Filter Include="ヘッダー ファイル\Mode">
      <UniqueIdentifier>{090b1882-30b3-488d-9164-9825ddf9be02}</UniqueIdentifier>
    </Filter>
    <Filter Include="ソース ファイル\Object">
      <UniqueIdentifier>{1e493553-cd47-4836-a6bc-3d1079326a61}</UniqueIdentifier>
    </Filter>
    <Filter Include="ヘッダー ファイル\Object">
      <UniqueIdentifier>{1aa136c4-b84d-49e2-8fc9-de7d6ba733fc}</UniqueIdentifier>
    </Filter>
    <Filter Include="ソース ファイル\Effect">
      <UniqueIdentifier>{dee4fff0-ac1f-47e4-833a-20a1c2415bdb}</UniqueIdentifier>
    </Filter>
    <Filter Include="ヘッダー ファイル\Effect">
      <UniqueIdentifier>{ed33cd5c-9ab5-4c5e-a05a-8dee39479e88}</UniqueIdentifier>
    </Filter>
    <Filter Include="ソース ファイル\Application">
      <UniqueIdentifier>{8573a396-7e76-4b3a-85ac-addc74cc416b}</UniqueIdentifier>
    </Filter>
    <Filter Include="ヘッダー ファイル\Application">
      <UniqueIdentifier>{bb841859-8f1e-42c2-b882-4eff50c976d7}</UniqueIdentifier>
    </Filter>
    <Filter Include="ソース ファイル\Boss">
      <UniqueIdentifier>{c1f529c0-4cd1-40f2-918f-a42674eea82c}</UniqueIdentifier>
    </Filter>
    <Filter Include="ソース ファイル\Player">
      <UniqueIdentifier>{2d7c02cd-9353-4075-ba02-edc991655d25}</UniqueIdentifier>
    </Filter>
    <Filter Include="ヘッダー ファイル\Boss">
      <UniqueIdentifier>{369200b8-6fd3-43cb-b40f-2713cb7527e6}</UniqueIdentifier>
    </Filter>
    <Filter Include="ヘッダー ファイル\Player">
      <UniqueIdentifier>{8801c1c8-2978-4442-83aa-d221a507ffdc}</UniqueIdentifier>
    </Filter>
  </ItemGroup>
  <ItemGroup>
    <ClCompile Include="source\Application\ApplicationGlobal.cpp">
      <Filter>ソース ファイル\Application</Filter>
    </ClCompile>
    <ClCompile Include="source\Application\ApplicationMain.cpp">
      <Filter>ソース ファイル\Application</Filter>
    </ClCompile>
    <ClCompile Include="source\Sound\Sound.cpp">
      <Filter>ソース ファイル</Filter>
    </ClCompile>
    <ClCompile Include="source\Camera\Camera.cpp">
      <Filter>ソース ファイル</Filter>
    </ClCompile>
    <ClCompile Include="source\CharaData\CharaData.cpp">
      <Filter>ソース ファイル</Filter>
    </ClCompile>
    <ClCompile Include="source\Stage\Stage.cpp">
      <Filter>ソース ファイル</Filter>
    </ClCompile>
    <ClCompile Include="source\Mode\ModeAmgLogo.cpp">
      <Filter>ソース ファイル\Mode</Filter>
    </ClCompile>
    <ClCompile Include="source\Mode\ModeCredit.cpp">
      <Filter>ソース ファイル\Mode</Filter>
    </ClCompile>
    <ClCompile Include="source\Mode\ModeGame.cpp">
      <Filter>ソース ファイル\Mode</Filter>
    </ClCompile>
    <ClCompile Include="source\Mode\ModeGameClear.cpp">
      <Filter>ソース ファイル\Mode</Filter>
    </ClCompile>
    <ClCompile Include="source\Mode\ModeGameOver.cpp">
      <Filter>ソース ファイル\Mode</Filter>
    </ClCompile>
    <ClCompile Include="source\Mode\ModeGameStart.cpp">
      <Filter>ソース ファイル\Mode</Filter>
    </ClCompile>
    <ClCompile Include="source\Mode\ModePause.cpp">
      <Filter>ソース ファイル\Mode</Filter>
    </ClCompile>
    <ClCompile Include="source\Mode\ModeResult.cpp">
      <Filter>ソース ファイル\Mode</Filter>
    </ClCompile>
    <ClCompile Include="source\Mode\ModeTeamLogo.cpp">
      <Filter>ソース ファイル\Mode</Filter>
    </ClCompile>
    <ClCompile Include="source\Mode\ModeTitle.cpp">
      <Filter>ソース ファイル\Mode</Filter>
    </ClCompile>
    <ClCompile Include="source\Mode\ModeTutorial.cpp">
      <Filter>ソース ファイル\Mode</Filter>
    </ClCompile>
    <ClCompile Include="source\Object\ObjectBase.cpp">
      <Filter>ソース ファイル\Object</Filter>
    </ClCompile>
    <ClCompile Include="source\Object\ObjectServer.cpp">
      <Filter>ソース ファイル\Object</Filter>
    </ClCompile>
    <ClCompile Include="source\Effect\Laser.cpp">
      <Filter>ソース ファイル\Effect</Filter>
    </ClCompile>
    <ClCompile Include="source\Effect\HitEffect.cpp">
      <Filter>ソース ファイル\Effect</Filter>
    </ClCompile>
    <ClCompile Include="source\Effect\Explosion.cpp">
      <Filter>ソース ファイル\Effect</Filter>
    </ClCompile>
    <ClCompile Include="source\Effect\Destruction.cpp">
      <Filter>ソース ファイル\Effect</Filter>
    </ClCompile>
    <ClCompile Include="source\Boss\Boss.cpp">
      <Filter>ソース ファイル\Boss</Filter>
    </ClCompile>
    <ClCompile Include="source\Boss\BossAimShot.cpp">
      <Filter>ソース ファイル\Boss</Filter>
    </ClCompile>
    <ClCompile Include="source\Boss\BossBomb.cpp">
      <Filter>ソース ファイル\Boss</Filter>
    </ClCompile>
    <ClCompile Include="source\Boss\BossBullet.cpp">
      <Filter>ソース ファイル\Boss</Filter>
    </ClCompile>
    <ClCompile Include="source\Boss\BossStatus.cpp">
      <Filter>ソース ファイル\Boss</Filter>
    </ClCompile>
    <ClCompile Include="source\Boss\BossVoice.cpp">
      <Filter>ソース ファイル\Boss</Filter>
    </ClCompile>
    <ClCompile Include="source\Player\Player.cpp">
      <Filter>ソース ファイル\Player</Filter>
    </ClCompile>
    <ClCompile Include="source\Player\PlayerStatus.cpp">
      <Filter>ソース ファイル\Player</Filter>
    </ClCompile>
    <ClCompile Include="source\Player\PlayerVoice.cpp">
      <Filter>ソース ファイル\Player</Filter>
    </ClCompile>
    <ClCompile Include="source\Player\Reticle.cpp">
      <Filter>ソース ファイル\Player</Filter>
    </ClCompile>
    <ClCompile Include="source\Boss\ShotBase.cpp">
      <Filter>ソース ファイル\Boss</Filter>
    </ClCompile>
    <ClCompile Include="source\Mode\TitleBGM.cpp">
      <Filter>ソース ファイル\Mode</Filter>
    </ClCompile>
    <ClCompile Include="source\Player\Attack.cpp">
      <Filter>ソース ファイル\Player</Filter>
    </ClCompile>
    <ClCompile Include="source\Player\Charge.cpp">
      <Filter>ソース ファイル\Player</Filter>
    </ClCompile>
    <ClCompile Include="source\Player\Dash.cpp">
      <Filter>ソース ファイル\Player</Filter>
    </ClCompile>
    <ClCompile Include="source\Player\Death.cpp">
      <Filter>ソース ファイル\Player</Filter>
    </ClCompile>
    <ClCompile Include="source\Player\Energy.cpp">
      <Filter>ソース ファイル\Player</Filter>
    </ClCompile>
    <ClCompile Include="source\Player\Jump.cpp">
      <Filter>ソース ファイル\Player</Filter>
    </ClCompile>
    <ClCompile Include="source\Player\Move.cpp">
      <Filter>ソース ファイル\Player</Filter>
    </ClCompile>
    <ClCompile Include="source\Player\PlayerCollision.cpp">
      <Filter>ソース ファイル\Player</Filter>
    </ClCompile>
    <ClCompile Include="source\Player\PlayerMotion.cpp">
      <Filter>ソース ファイル\Player</Filter>
    </ClCompile>
    <ClCompile Include="source\Player\ReticleGeneration.cpp">
      <Filter>ソース ファイル\Player</Filter>
    </ClCompile>
    <ClCompile Include="source\Boss\BossDamage.cpp">
      <Filter>ソース ファイル\Boss</Filter>
    </ClCompile>
    <ClCompile Include="source\Boss\ShotPattern.cpp">
      <Filter>ソース ファイル\Boss</Filter>
    </ClCompile>
  </ItemGroup>
  <ItemGroup>
    <ClInclude Include="source\Application\ApplicationGlobal.h">
      <Filter>ヘッダー ファイル\Application</Filter>
    </ClInclude>
    <ClInclude Include="source\Application\ApplicationMain.h">
      <Filter>ヘッダー ファイル\Application</Filter>
    </ClInclude>
    <ClInclude Include="source\Sound\Sound.h">
      <Filter>ヘッダー ファイル</Filter>
    </ClInclude>
    <ClInclude Include="source\Camera\Camera.h">
      <Filter>ヘッダー ファイル</Filter>
    </ClInclude>
    <ClInclude Include="source\CharaData\CharaData.h">
      <Filter>ヘッダー ファイル</Filter>
    </ClInclude>
    <ClInclude Include="source\Stage\Stage.h">
      <Filter>ヘッダー ファイル</Filter>
    </ClInclude>
    <ClInclude Include="source\Boss\Boss.h">
      <Filter>ヘッダー ファイル\Boss</Filter>
    </ClInclude>
    <ClInclude Include="source\Boss\BossAimShot.h">
      <Filter>ヘッダー ファイル\Boss</Filter>
    </ClInclude>
    <ClInclude Include="source\Boss\BossBomb.h">
      <Filter>ヘッダー ファイル\Boss</Filter>
    </ClInclude>
    <ClInclude Include="source\Boss\BossBullet.h">
      <Filter>ヘッダー ファイル\Boss</Filter>
    </ClInclude>
    <ClInclude Include="source\Boss\BossStatus.h">
      <Filter>ヘッダー ファイル\Boss</Filter>
    </ClInclude>
    <ClInclude Include="source\Boss\BossVoice.h">
      <Filter>ヘッダー ファイル\Boss</Filter>
    </ClInclude>
    <ClInclude Include="source\Mode\ModeAmgLogo.h">
      <Filter>ヘッダー ファイル\Mode</Filter>
    </ClInclude>
    <ClInclude Include="source\Mode\ModeCredit.h">
      <Filter>ヘッダー ファイル\Mode</Filter>
    </ClInclude>
    <ClInclude Include="source\Mode\ModeGame.h">
      <Filter>ヘッダー ファイル\Mode</Filter>
    </ClInclude>
    <ClInclude Include="source\Mode\ModeGameClear.h">
      <Filter>ヘッダー ファイル\Mode</Filter>
    </ClInclude>
    <ClInclude Include="source\Mode\ModeGameOver.h">
      <Filter>ヘッダー ファイル\Mode</Filter>
    </ClInclude>
    <ClInclude Include="source\Mode\ModeGameStart.h">
      <Filter>ヘッダー ファイル\Mode</Filter>
    </ClInclude>
    <ClInclude Include="source\Mode\ModePause.h">
      <Filter>ヘッダー ファイル\Mode</Filter>
    </ClInclude>
    <ClInclude Include="source\Mode\ModeResult.h">
      <Filter>ヘッダー ファイル\Mode</Filter>
    </ClInclude>
    <ClInclude Include="source\Mode\ModeTeamLogo.h">
      <Filter>ヘッダー ファイル\Mode</Filter>
    </ClInclude>
    <ClInclude Include="source\Mode\ModeTitle.h">
      <Filter>ヘッダー ファイル\Mode</Filter>
    </ClInclude>
    <ClInclude Include="source\Mode\ModeTutorial.h">
      <Filter>ヘッダー ファイル\Mode</Filter>
    </ClInclude>
    <ClInclude Include="source\Effect\Destruction.h">
      <Filter>ヘッダー ファイル\Effect</Filter>
    </ClInclude>
    <ClInclude Include="source\Effect\Explosion.h">
      <Filter>ヘッダー ファイル\Effect</Filter>
    </ClInclude>
    <ClInclude Include="source\Effect\HitEffect.h">
      <Filter>ヘッダー ファイル\Effect</Filter>
    </ClInclude>
    <ClInclude Include="source\Effect\Laser.h">
      <Filter>ヘッダー ファイル\Effect</Filter>
    </ClInclude>
    <ClInclude Include="source\Object\ObjectBase.h">
      <Filter>ヘッダー ファイル\Object</Filter>
    </ClInclude>
    <ClInclude Include="source\Object\ObjectServer.h">
      <Filter>ヘッダー ファイル\Object</Filter>
    </ClInclude>
    <ClInclude Include="source\Player\Player.h">
      <Filter>ヘッダー ファイル\Player</Filter>
    </ClInclude>
    <ClInclude Include="source\Player\PlayerStatus.h">
      <Filter>ヘッダー ファイル\Player</Filter>
    </ClInclude>
    <ClInclude Include="source\Player\PlayerVoice.h">
      <Filter>ヘッダー ファイル\Player</Filter>
    </ClInclude>
    <ClInclude Include="source\Player\Reticle.h">
      <Filter>ヘッダー ファイル\Player</Filter>
    </ClInclude>
    <ClInclude Include="source\Boss\ShotBase.h">
      <Filter>ヘッダー ファイル\Boss</Filter>
    </ClInclude>
    <ClInclude Include="source\Mode\TitleBGM.h">
      <Filter>ヘッダー ファイル\Mode</Filter>
    </ClInclude>
  </ItemGroup>
</Project>